
Microsoft Visual Studio Solution File, Format Version 12.00
# Visual Studio Version 16
VisualStudioVersion = 16.0.31613.86
MinimumVisualStudioVersion = 10.0.40219.1
Project("{FAE04EC0-301F-11D3-BF4B-00C04F79EFBC}") = "MadsStore.Domain", "MadsStore.Domain\MadsStore.Domain.csproj", "{F2690CB2-4705-42A7-BEB8-2263CD6C9090}"
EndProject
Global
	GlobalSection(SolutionConfigurationPlatforms) = preSolution
		Debug|Any CPU = Debug|Any CPU
		Release|Any CPU = Release|Any CPU
	EndGlobalSection
	GlobalSection(ProjectConfigurationPlatforms) = postSolution
		{F2690CB2-4705-42A7-BEB8-2263CD6C9090}.Debug|Any CPU.ActiveCfg = Debug|Any CPU
		{F2690CB2-4705-42A7-BEB8-2263CD6C9090}.Debug|Any CPU.Build.0 = Debug|Any CPU
		{F2690CB2-4705-42A7-BEB8-2263CD6C9090}.Release|Any CPU.ActiveCfg = Release|Any CPU
		{F2690CB2-4705-42A7-BEB8-2263CD6C9090}.Release|Any CPU.Build.0 = Release|Any CPU
	EndGlobalSection
	GlobalSection(SolutionProperties) = preSolution
		HideSolutionNode = FALSE
	EndGlobalSection
	GlobalSection(ExtensibilityGlobals) = postSolution
		SolutionGuid = {C08517C2-BE6E-47EA-9261-F29BB4AFE95D}
	EndGlobalSection
EndGlobal
